// !$*UTF8*$!
{
	archiveVersion = 1;
	classes = {
	};
	objectVersion = 56;
	objects = {

/* Begin PBXBuildFile section */
		EB09F3292C7F1A1E00A8DB47 /* Algorithms in Frameworks */ = {isa = PBXBuildFile; productRef = EB09F3282C7F1A1E00A8DB47 /* Algorithms */; };
		EB8808762C77DE5000827661 /* RealityKitContent in Frameworks */ = {isa = PBXBuildFile; productRef = EB8808752C77DE5000827661 /* RealityKitContent */; };
		EB8808782C77DE5000827661 /* MRPianoApp.swift in Sources */ = {isa = PBXBuildFile; fileRef = EB8808772C77DE5000827661 /* MRPianoApp.swift */; };
		EB88087A2C77DE5000827661 /* ContentView.swift in Sources */ = {isa = PBXBuildFile; fileRef = EB8808792C77DE5000827661 /* ContentView.swift */; };
		EB88087C2C77DE5000827661 /* ImmersiveView.swift in Sources */ = {isa = PBXBuildFile; fileRef = EB88087B2C77DE5000827661 /* ImmersiveView.swift */; };
		EB88087E2C77DE5100827661 /* Assets.xcassets in Resources */ = {isa = PBXBuildFile; fileRef = EB88087D2C77DE5100827661 /* Assets.xcassets */; };
		EB8808812C77DE5100827661 /* Preview Assets.xcassets in Resources */ = {isa = PBXBuildFile; fileRef = EB8808802C77DE5100827661 /* Preview Assets.xcassets */; };
		EB8808892C77DEA700827661 /* PlayPianoView.swift in Sources */ = {isa = PBXBuildFile; fileRef = EB8808882C77DEA700827661 /* PlayPianoView.swift */; };
		EB88088D2C77DEDC00827661 /* PlayMIDI.swift in Sources */ = {isa = PBXBuildFile; fileRef = EB88088C2C77DEDC00827661 /* PlayMIDI.swift */; };
		EB8808912C77DF0800827661 /* MusicDatas.swift in Sources */ = {isa = PBXBuildFile; fileRef = EB8808902C77DF0800827661 /* MusicDatas.swift */; };
		EB8808932C77DF1700827661 /* PlayingMusicDataHandler.swift in Sources */ = {isa = PBXBuildFile; fileRef = EB8808922C77DF1700827661 /* PlayingMusicDataHandler.swift */; };
		EB8808952C77DF2900827661 /* CsvDataHandler.swift in Sources */ = {isa = PBXBuildFile; fileRef = EB8808942C77DF2900827661 /* CsvDataHandler.swift */; };
		EB8808972C77DF3D00827661 /* NotesDataHandler.swift in Sources */ = {isa = PBXBuildFile; fileRef = EB8808962C77DF3D00827661 /* NotesDataHandler.swift */; };
		EB88089A2C77DFB200827661 /* bach-menuet.midi in Resources */ = {isa = PBXBuildFile; fileRef = EB8808992C77DFB200827661 /* bach-menuet.midi */; };
		EB88089C2C77DFB800827661 /* notes_minuet_utf8_encoded.csv in Resources */ = {isa = PBXBuildFile; fileRef = EB88089B2C77DFB800827661 /* notes_minuet_utf8_encoded.csv */; };
		EB88089E2C77DFC300827661 /* soundfont.sf2 in Resources */ = {isa = PBXBuildFile; fileRef = EB88089D2C77DFC300827661 /* soundfont.sf2 */; };
/* End PBXBuildFile section */

/* Begin PBXFileReference section */
		EB8808702C77DE5000827661 /* MRPiano.app */ = {isa = PBXFileReference; explicitFileType = wrapper.application; includeInIndex = 0; path = MRPiano.app; sourceTree = BUILT_PRODUCTS_DIR; };
		EB8808742C77DE5000827661 /* RealityKitContent */ = {isa = PBXFileReference; lastKnownFileType = wrapper; path = RealityKitContent; sourceTree = "<group>"; };
		EB8808772C77DE5000827661 /* MRPianoApp.swift */ = {isa = PBXFileReference; lastKnownFileType = sourcecode.swift; path = MRPianoApp.swift; sourceTree = "<group>"; };
		EB8808792C77DE5000827661 /* ContentView.swift */ = {isa = PBXFileReference; lastKnownFileType = sourcecode.swift; path = ContentView.swift; sourceTree = "<group>"; };
		EB88087B2C77DE5000827661 /* ImmersiveView.swift */ = {isa = PBXFileReference; lastKnownFileType = sourcecode.swift; path = ImmersiveView.swift; sourceTree = "<group>"; };
		EB88087D2C77DE5100827661 /* Assets.xcassets */ = {isa = PBXFileReference; lastKnownFileType = folder.assetcatalog; path = Assets.xcassets; sourceTree = "<group>"; };
		EB8808802C77DE5100827661 /* Preview Assets.xcassets */ = {isa = PBXFileReference; lastKnownFileType = folder.assetcatalog; path = "Preview Assets.xcassets"; sourceTree = "<group>"; };
		EB8808822C77DE5100827661 /* Info.plist */ = {isa = PBXFileReference; lastKnownFileType = text.plist.xml; path = Info.plist; sourceTree = "<group>"; };
		EB8808882C77DEA700827661 /* PlayPianoView.swift */ = {isa = PBXFileReference; lastKnownFileType = sourcecode.swift; path = PlayPianoView.swift; sourceTree = "<group>"; };
		EB88088C2C77DEDC00827661 /* PlayMIDI.swift */ = {isa = PBXFileReference; lastKnownFileType = sourcecode.swift; path = PlayMIDI.swift; sourceTree = "<group>"; };
		EB8808902C77DF0800827661 /* MusicDatas.swift */ = {isa = PBXFileReference; lastKnownFileType = sourcecode.swift; path = MusicDatas.swift; sourceTree = "<group>"; };
		EB8808922C77DF1700827661 /* PlayingMusicDataHandler.swift */ = {isa = PBXFileReference; lastKnownFileType = sourcecode.swift; path = PlayingMusicDataHandler.swift; sourceTree = "<group>"; };
		EB8808942C77DF2900827661 /* CsvDataHandler.swift */ = {isa = PBXFileReference; lastKnownFileType = sourcecode.swift; path = CsvDataHandler.swift; sourceTree = "<group>"; };
		EB8808962C77DF3D00827661 /* NotesDataHandler.swift */ = {isa = PBXFileReference; lastKnownFileType = sourcecode.swift; path = NotesDataHandler.swift; sourceTree = "<group>"; };
		EB8808992C77DFB200827661 /* bach-menuet.midi */ = {isa = PBXFileReference; lastKnownFileType = audio.midi; name = "bach-menuet.midi"; path = "MRPiano/FileData/bach-menuet.midi"; sourceTree = SOURCE_ROOT; };
		EB88089B2C77DFB800827661 /* notes_minuet_utf8_encoded.csv */ = {isa = PBXFileReference; fileEncoding = 4; lastKnownFileType = text; name = notes_minuet_utf8_encoded.csv; path = MRPiano/FileData/notes_minuet_utf8_encoded.csv; sourceTree = SOURCE_ROOT; };
		EB88089D2C77DFC300827661 /* soundfont.sf2 */ = {isa = PBXFileReference; lastKnownFileType = file; path = soundfont.sf2; sourceTree = SOURCE_ROOT; };
/* End PBXFileReference section */

/* Begin PBXFrameworksBuildPhase section */
		EB88086D2C77DE5000827661 /* Frameworks */ = {
			isa = PBXFrameworksBuildPhase;
			buildActionMask = 2147483647;
			files = (
				EB09F3292C7F1A1E00A8DB47 /* Algorithms in Frameworks */,
				EB8808762C77DE5000827661 /* RealityKitContent in Frameworks */,
			);
			runOnlyForDeploymentPostprocessing = 0;
		};
/* End PBXFrameworksBuildPhase section */

/* Begin PBXGroup section */
		EB8808672C77DE5000827661 = {
			isa = PBXGroup;
			children = (
				EB8808722C77DE5000827661 /* MRPiano */,
				EB8808732C77DE5000827661 /* Packages */,
				EB8808712C77DE5000827661 /* Products */,
			);
			sourceTree = "<group>";
		};
		EB8808712C77DE5000827661 /* Products */ = {
			isa = PBXGroup;
			children = (
				EB8808702C77DE5000827661 /* MRPiano.app */,
			);
			name = Products;
			sourceTree = "<group>";
		};
		EB8808722C77DE5000827661 /* MRPiano */ = {
			isa = PBXGroup;
			children = (
				EB88089D2C77DFC300827661 /* soundfont.sf2 */,
				EB8808772C77DE5000827661 /* MRPianoApp.swift */,
				EB8808792C77DE5000827661 /* ContentView.swift */,
				EB88087B2C77DE5000827661 /* ImmersiveView.swift */,
				EB8808982C77DF7600827661 /* FileData */,
				EB88088E2C77DEEA00827661 /* DataHandler */,
				EB88088B2C77DECD00827661 /* PlayPianoSound */,
				EB88088A2C77DEB700827661 /* PlayPianoView */,
				EB88087D2C77DE5100827661 /* Assets.xcassets */,
				EB8808822C77DE5100827661 /* Info.plist */,
				EB88087F2C77DE5100827661 /* Preview Content */,
			);
			path = MRPiano;
			sourceTree = "<group>";
		};
		EB8808732C77DE5000827661 /* Packages */ = {
			isa = PBXGroup;
			children = (
				EB8808742C77DE5000827661 /* RealityKitContent */,
			);
			path = Packages;
			sourceTree = "<group>";
		};
		EB88087F2C77DE5100827661 /* Preview Content */ = {
			isa = PBXGroup;
			children = (
				EB8808802C77DE5100827661 /* Preview Assets.xcassets */,
			);
			path = "Preview Content";
			sourceTree = "<group>";
		};
		EB88088A2C77DEB700827661 /* PlayPianoView */ = {
			isa = PBXGroup;
			children = (
				EB8808882C77DEA700827661 /* PlayPianoView.swift */,
			);
			path = PlayPianoView;
			sourceTree = "<group>";
		};
		EB88088B2C77DECD00827661 /* PlayPianoSound */ = {
			isa = PBXGroup;
			children = (
				EB88088C2C77DEDC00827661 /* PlayMIDI.swift */,
			);
			path = PlayPianoSound;
			sourceTree = "<group>";
		};
		EB88088E2C77DEEA00827661 /* DataHandler */ = {
			isa = PBXGroup;
			children = (
				EB88088F2C77DEF100827661 /* FileDataHandler */,
				EB8808902C77DF0800827661 /* MusicDatas.swift */,
				EB8808922C77DF1700827661 /* PlayingMusicDataHandler.swift */,
			);
			path = DataHandler;
			sourceTree = "<group>";
		};
		EB88088F2C77DEF100827661 /* FileDataHandler */ = {
			isa = PBXGroup;
			children = (
				EB8808942C77DF2900827661 /* CsvDataHandler.swift */,
				EB8808962C77DF3D00827661 /* NotesDataHandler.swift */,
			);
			path = FileDataHandler;
			sourceTree = "<group>";
		};
		EB8808982C77DF7600827661 /* FileData */ = {
			isa = PBXGroup;
			children = (
				EB8808992C77DFB200827661 /* bach-menuet.midi */,
				EB88089B2C77DFB800827661 /* notes_minuet_utf8_encoded.csv */,
			);
			path = FileData;
			sourceTree = "<group>";
		};
/* End PBXGroup section */

/* Begin PBXNativeTarget section */
		EB88086F2C77DE5000827661 /* MRPiano */ = {
			isa = PBXNativeTarget;
			buildConfigurationList = EB8808852C77DE5100827661 /* Build configuration list for PBXNativeTarget "MRPiano" */;
			buildPhases = (
				EB88086C2C77DE5000827661 /* Sources */,
				EB88086D2C77DE5000827661 /* Frameworks */,
				EB88086E2C77DE5000827661 /* Resources */,
			);
			buildRules = (
			);
			dependencies = (
			);
			name = MRPiano;
			packageProductDependencies = (
				EB8808752C77DE5000827661 /* RealityKitContent */,
				EB09F3282C7F1A1E00A8DB47 /* Algorithms */,
			);
			productName = MRPiano;
			productReference = EB8808702C77DE5000827661 /* MRPiano.app */;
			productType = "com.apple.product-type.application";
		};
/* End PBXNativeTarget section */

/* Begin PBXProject section */
		EB8808682C77DE5000827661 /* Project object */ = {
			isa = PBXProject;
			attributes = {
				BuildIndependentTargetsInParallel = 1;
				LastSwiftUpdateCheck = 1540;
				LastUpgradeCheck = 1540;
				TargetAttributes = {
					EB88086F2C77DE5000827661 = {
						CreatedOnToolsVersion = 15.4;
					};
				};
			};
			buildConfigurationList = EB88086B2C77DE5000827661 /* Build configuration list for PBXProject "MRPiano" */;
			compatibilityVersion = "Xcode 14.0";
			developmentRegion = en;
			hasScannedForEncodings = 0;
			knownRegions = (
				en,
				Base,
			);
			mainGroup = EB8808672C77DE5000827661;
			packageReferences = (
				EB09F3272C7F1A1E00A8DB47 /* XCRemoteSwiftPackageReference "swift-algorithms" */,
			);
			productRefGroup = EB8808712C77DE5000827661 /* Products */;
			projectDirPath = "";
			projectRoot = "";
			targets = (
				EB88086F2C77DE5000827661 /* MRPiano */,
			);
		};
/* End PBXProject section */

/* Begin PBXResourcesBuildPhase section */
		EB88086E2C77DE5000827661 /* Resources */ = {
			isa = PBXResourcesBuildPhase;
			buildActionMask = 2147483647;
			files = (
				EB88089E2C77DFC300827661 /* soundfont.sf2 in Resources */,
				EB88089C2C77DFB800827661 /* notes_minuet_utf8_encoded.csv in Resources */,
				EB8808812C77DE5100827661 /* Preview Assets.xcassets in Resources */,
				EB88087E2C77DE5100827661 /* Assets.xcassets in Resources */,
				EB88089A2C77DFB200827661 /* bach-menuet.midi in Resources */,
			);
			runOnlyForDeploymentPostprocessing = 0;
		};
/* End PBXResourcesBuildPhase section */

/* Begin PBXSourcesBuildPhase section */
		EB88086C2C77DE5000827661 /* Sources */ = {
			isa = PBXSourcesBuildPhase;
			buildActionMask = 2147483647;
			files = (
				EB8808932C77DF1700827661 /* PlayingMusicDataHandler.swift in Sources */,
				EB88087A2C77DE5000827661 /* ContentView.swift in Sources */,
				EB8808912C77DF0800827661 /* MusicDatas.swift in Sources */,
				EB8808952C77DF2900827661 /* CsvDataHandler.swift in Sources */,
				EB8808782C77DE5000827661 /* MRPianoApp.swift in Sources */,
				EB88088D2C77DEDC00827661 /* PlayMIDI.swift in Sources */,
				EB8808892C77DEA700827661 /* PlayPianoView.swift in Sources */,
				EB8808972C77DF3D00827661 /* NotesDataHandler.swift in Sources */,
				EB88087C2C77DE5000827661 /* ImmersiveView.swift in Sources */,
			);
			runOnlyForDeploymentPostprocessing = 0;
		};
/* End PBXSourcesBuildPhase section */

/* Begin XCBuildConfiguration section */
		EB8808832C77DE5100827661 /* Debug */ = {
			isa = XCBuildConfiguration;
			buildSettings = {
				ALWAYS_SEARCH_USER_PATHS = NO;
				ASSETCATALOG_COMPILER_GENERATE_SWIFT_ASSET_SYMBOL_EXTENSIONS = YES;
				CLANG_ANALYZER_NONNULL = YES;
				CLANG_ANALYZER_NUMBER_OBJECT_CONVERSION = YES_AGGRESSIVE;
				CLANG_CXX_LANGUAGE_STANDARD = "gnu++20";
				CLANG_ENABLE_MODULES = YES;
				CLANG_ENABLE_OBJC_ARC = YES;
				CLANG_ENABLE_OBJC_WEAK = YES;
				CLANG_WARN_BLOCK_CAPTURE_AUTORELEASING = YES;
				CLANG_WARN_BOOL_CONVERSION = YES;
				CLANG_WARN_COMMA = YES;
				CLANG_WARN_CONSTANT_CONVERSION = YES;
				CLANG_WARN_DEPRECATED_OBJC_IMPLEMENTATIONS = YES;
				CLANG_WARN_DIRECT_OBJC_ISA_USAGE = YES_ERROR;
				CLANG_WARN_DOCUMENTATION_COMMENTS = YES;
				CLANG_WARN_EMPTY_BODY = YES;
				CLANG_WARN_ENUM_CONVERSION = YES;
				CLANG_WARN_INFINITE_RECURSION = YES;
				CLANG_WARN_INT_CONVERSION = YES;
				CLANG_WARN_NON_LITERAL_NULL_CONVERSION = YES;
				CLANG_WARN_OBJC_IMPLICIT_RETAIN_SELF = YES;
				CLANG_WARN_OBJC_LITERAL_CONVERSION = YES;
				CLANG_WARN_OBJC_ROOT_CLASS = YES_ERROR;
				CLANG_WARN_QUOTED_INCLUDE_IN_FRAMEWORK_HEADER = YES;
				CLANG_WARN_RANGE_LOOP_ANALYSIS = YES;
				CLANG_WARN_STRICT_PROTOTYPES = YES;
				CLANG_WARN_SUSPICIOUS_MOVE = YES;
				CLANG_WARN_UNGUARDED_AVAILABILITY = YES_AGGRESSIVE;
				CLANG_WARN_UNREACHABLE_CODE = YES;
				CLANG_WARN__DUPLICATE_METHOD_MATCH = YES;
				COPY_PHASE_STRIP = NO;
				DEBUG_INFORMATION_FORMAT = dwarf;
				ENABLE_STRICT_OBJC_MSGSEND = YES;
				ENABLE_TESTABILITY = YES;
				ENABLE_USER_SCRIPT_SANDBOXING = YES;
				GCC_C_LANGUAGE_STANDARD = gnu17;
				GCC_DYNAMIC_NO_PIC = NO;
				GCC_NO_COMMON_BLOCKS = YES;
				GCC_OPTIMIZATION_LEVEL = 0;
				GCC_PREPROCESSOR_DEFINITIONS = (
					"DEBUG=1",
					"$(inherited)",
				);
				GCC_WARN_64_TO_32_BIT_CONVERSION = YES;
				GCC_WARN_ABOUT_RETURN_TYPE = YES_ERROR;
				GCC_WARN_UNDECLARED_SELECTOR = YES;
				GCC_WARN_UNINITIALIZED_AUTOS = YES_AGGRESSIVE;
				GCC_WARN_UNUSED_FUNCTION = YES;
				GCC_WARN_UNUSED_VARIABLE = YES;
				LOCALIZATION_PREFERS_STRING_CATALOGS = YES;
				MTL_ENABLE_DEBUG_INFO = INCLUDE_SOURCE;
				MTL_FAST_MATH = YES;
				ONLY_ACTIVE_ARCH = YES;
				SDKROOT = xros;
				SWIFT_ACTIVE_COMPILATION_CONDITIONS = "DEBUG $(inherited)";
				SWIFT_OPTIMIZATION_LEVEL = "-Onone";
				XROS_DEPLOYMENT_TARGET = 1.2;
			};
			name = Debug;
		};
		EB8808842C77DE5100827661 /* Release */ = {
			isa = XCBuildConfiguration;
			buildSettings = {
				ALWAYS_SEARCH_USER_PATHS = NO;
				ASSETCATALOG_COMPILER_GENERATE_SWIFT_ASSET_SYMBOL_EXTENSIONS = YES;
				CLANG_ANALYZER_NONNULL = YES;
				CLANG_ANALYZER_NUMBER_OBJECT_CONVERSION = YES_AGGRESSIVE;
				CLANG_CXX_LANGUAGE_STANDARD = "gnu++20";
				CLANG_ENABLE_MODULES = YES;
				CLANG_ENABLE_OBJC_ARC = YES;
				CLANG_ENABLE_OBJC_WEAK = YES;
				CLANG_WARN_BLOCK_CAPTURE_AUTORELEASING = YES;
				CLANG_WARN_BOOL_CONVERSION = YES;
				CLANG_WARN_COMMA = YES;
				CLANG_WARN_CONSTANT_CONVERSION = YES;
				CLANG_WARN_DEPRECATED_OBJC_IMPLEMENTATIONS = YES;
				CLANG_WARN_DIRECT_OBJC_ISA_USAGE = YES_ERROR;
				CLANG_WARN_DOCUMENTATION_COMMENTS = YES;
				CLANG_WARN_EMPTY_BODY = YES;
				CLANG_WARN_ENUM_CONVERSION = YES;
				CLANG_WARN_INFINITE_RECURSION = YES;
				CLANG_WARN_INT_CONVERSION = YES;
				CLANG_WARN_NON_LITERAL_NULL_CONVERSION = YES;
				CLANG_WARN_OBJC_IMPLICIT_RETAIN_SELF = YES;
				CLANG_WARN_OBJC_LITERAL_CONVERSION = YES;
				CLANG_WARN_OBJC_ROOT_CLASS = YES_ERROR;
				CLANG_WARN_QUOTED_INCLUDE_IN_FRAMEWORK_HEADER = YES;
				CLANG_WARN_RANGE_LOOP_ANALYSIS = YES;
				CLANG_WARN_STRICT_PROTOTYPES = YES;
				CLANG_WARN_SUSPICIOUS_MOVE = YES;
				CLANG_WARN_UNGUARDED_AVAILABILITY = YES_AGGRESSIVE;
				CLANG_WARN_UNREACHABLE_CODE = YES;
				CLANG_WARN__DUPLICATE_METHOD_MATCH = YES;
				COPY_PHASE_STRIP = NO;
				DEBUG_INFORMATION_FORMAT = "dwarf-with-dsym";
				ENABLE_NS_ASSERTIONS = NO;
				ENABLE_STRICT_OBJC_MSGSEND = YES;
				ENABLE_USER_SCRIPT_SANDBOXING = YES;
				GCC_C_LANGUAGE_STANDARD = gnu17;
				GCC_NO_COMMON_BLOCKS = YES;
				GCC_WARN_64_TO_32_BIT_CONVERSION = YES;
				GCC_WARN_ABOUT_RETURN_TYPE = YES_ERROR;
				GCC_WARN_UNDECLARED_SELECTOR = YES;
				GCC_WARN_UNINITIALIZED_AUTOS = YES_AGGRESSIVE;
				GCC_WARN_UNUSED_FUNCTION = YES;
				GCC_WARN_UNUSED_VARIABLE = YES;
				LOCALIZATION_PREFERS_STRING_CATALOGS = YES;
				MTL_ENABLE_DEBUG_INFO = NO;
				MTL_FAST_MATH = YES;
				SDKROOT = xros;
				SWIFT_COMPILATION_MODE = wholemodule;
				VALIDATE_PRODUCT = YES;
				XROS_DEPLOYMENT_TARGET = 1.2;
			};
			name = Release;
		};
		EB8808862C77DE5100827661 /* Debug */ = {
			isa = XCBuildConfiguration;
			buildSettings = {
				ASSETCATALOG_COMPILER_APPICON_NAME = AppIcon;
				ASSETCATALOG_COMPILER_GLOBAL_ACCENT_COLOR_NAME = AccentColor;
				CODE_SIGN_STYLE = Automatic;
				CURRENT_PROJECT_VERSION = 1;
				DEVELOPMENT_ASSET_PATHS = "\"MRPiano/Preview Content\"";
				DEVELOPMENT_TEAM = 5MSJZ52B7G;
				ENABLE_PREVIEWS = YES;
				GENERATE_INFOPLIST_FILE = YES;
				INFOPLIST_FILE = "$(TARGET_NAME)/Info.plist";
				LD_RUNPATH_SEARCH_PATHS = (
					"$(inherited)",
					"@executable_path/Frameworks",
				);
				MARKETING_VERSION = 1.0;
				PRODUCT_BUNDLE_IDENTIFIER = com.github.kanakanho.MRPiano;
				PRODUCT_NAME = "$(TARGET_NAME)";
				SUPPORTED_PLATFORMS = "xros xrsimulator";
				SWIFT_EMIT_LOC_STRINGS = YES;
				SWIFT_VERSION = 5.0;
				TARGETED_DEVICE_FAMILY = "1,2,7";
			};
			name = Debug;
		};
		EB8808872C77DE5100827661 /* Release */ = {
			isa = XCBuildConfiguration;
			buildSettings = {
				ASSETCATALOG_COMPILER_APPICON_NAME = AppIcon;
				ASSETCATALOG_COMPILER_GLOBAL_ACCENT_COLOR_NAME = AccentColor;
				CODE_SIGN_STYLE = Automatic;
				CURRENT_PROJECT_VERSION = 1;
				DEVELOPMENT_ASSET_PATHS = "\"MRPiano/Preview Content\"";
				DEVELOPMENT_TEAM = 5MSJZ52B7G;
				ENABLE_PREVIEWS = YES;
				GENERATE_INFOPLIST_FILE = YES;
				INFOPLIST_FILE = "$(TARGET_NAME)/Info.plist";
				LD_RUNPATH_SEARCH_PATHS = (
					"$(inherited)",
					"@executable_path/Frameworks",
				);
				MARKETING_VERSION = 1.0;
				PRODUCT_BUNDLE_IDENTIFIER = com.github.kanakanho.MRPiano;
				PRODUCT_NAME = "$(TARGET_NAME)";
				SUPPORTED_PLATFORMS = "xros xrsimulator";
				SWIFT_EMIT_LOC_STRINGS = YES;
				SWIFT_VERSION = 5.0;
				TARGETED_DEVICE_FAMILY = "1,2,7";
			};
			name = Release;
		};
/* End XCBuildConfiguration section */

/* Begin XCConfigurationList section */
		EB88086B2C77DE5000827661 /* Build configuration list for PBXProject "MRPiano" */ = {
			isa = XCConfigurationList;
			buildConfigurations = (
				EB8808832C77DE5100827661 /* Debug */,
				EB8808842C77DE5100827661 /* Release */,
			);
			defaultConfigurationIsVisible = 0;
			defaultConfigurationName = Release;
		};
		EB8808852C77DE5100827661 /* Build configuration list for PBXNativeTarget "MRPiano" */ = {
			isa = XCConfigurationList;
			buildConfigurations = (
				EB8808862C77DE5100827661 /* Debug */,
				EB8808872C77DE5100827661 /* Release */,
			);
			defaultConfigurationIsVisible = 0;
			defaultConfigurationName = Release;
		};
/* End XCConfigurationList section */

/* Begin XCRemoteSwiftPackageReference section */
		EB09F3272C7F1A1E00A8DB47 /* XCRemoteSwiftPackageReference "swift-algorithms" */ = {
			isa = XCRemoteSwiftPackageReference;
			repositoryURL = "https://github.com/apple/swift-algorithms.git";
			requirement = {
				kind = upToNextMajorVersion;
				minimumVersion = 1.2.0;
			};
		};
/* End XCRemoteSwiftPackageReference section */

/* Begin XCSwiftPackageProductDependency section */
		EB09F3282C7F1A1E00A8DB47 /* Algorithms */ = {
			isa = XCSwiftPackageProductDependency;
			package = EB09F3272C7F1A1E00A8DB47 /* XCRemoteSwiftPackageReference "swift-algorithms" */;
			productName = Algorithms;
		};
		EB8808752C77DE5000827661 /* RealityKitContent */ = {
			isa = XCSwiftPackageProductDependency;
			productName = RealityKitContent;
		};
/* End XCSwiftPackageProductDependency section */
	};
	rootObject = EB8808682C77DE5000827661 /* Project object */;
}
